
Microsoft Visual Studio Solution File, Format Version 12.00
# Visual Studio Version 17
VisualStudioVersion = 17.0.31903.59
MinimumVisualStudioVersion = 10.0.40219.1
Project("{FAE04EC0-301F-11D3-BF4B-00C04F79EFBC}") = "EplanEdzManager.Core", "src\EplanEdzManager.Core\EplanEdzManager.Core.csproj", "{54D19435-2BBD-4BB3-A4A1-37165EC40347}"
EndProject
Project("{FAE04EC0-301F-11D3-BF4B-00C04F79EFBC}") = "EplanEdzManager.Edz", "src\EplanEdzManager.Edz\EplanEdzManager.Edz.csproj", "{BE552F17-44E4-43A0-9D13-31B93380DD14}"
EndProject
Project("{FAE04EC0-301F-11D3-BF4B-00C04F79EFBC}") = "EplanEdzProbe", "tools\EplanEdzProbe\EplanEdzProbe.csproj", "{993EBD97-D055-4694-A624-E63826536DC1}"
EndProject
Project("{FAE04EC0-301F-11D3-BF4B-00C04F79EFBC}") = "EplanEdzManager.Core.Tests", "tests\EplanEdzManager.Core.Tests\EplanEdzManager.Core.Tests.csproj", "{884F2A74-754E-4BE3-8095-84F4FB420993}"
EndProject
Project("{FAE04EC0-301F-11D3-BF4B-00C04F79EFBC}") = "EplanEdzManager.Edz.Tests", "tests\EplanEdzManager.Edz.Tests\EplanEdzManager.Edz.Tests.csproj", "{8599EAC3-A6E3-4D3B-9FD7-797542B580C4}"
EndProject
Project("{FAE04EC0-301F-11D3-BF4B-00C04F79EFBC}") = "EplanEdzManager.EplanApi", "src\EplanEdzManager.EplanApi\EplanEdzManager.EplanApi.csproj", "{3F660850-0CBD-47F6-A33D-73CE0540868F}"
EndProject
Project("{FAE04EC0-301F-11D3-BF4B-00C04F79EFBC}") = "EplanApi.IntegrationTests", "tests\EplanApi.IntegrationTests\EplanApi.IntegrationTests.csproj", "{CA6ADFB9-F99B-4413-A200-4D104B4422AA}"
EndProject
Project("{FAE04EC0-301F-11D3-BF4B-00C04F79EFBC}") = "EplanEdzManager.Infrastructure.Sqlite", "src\EplanEdzManager.Infrastructure.Sqlite\EplanEdzManager.Infrastructure.Sqlite.csproj", "{C6257E96-F056-44E3-BB5A-EB3818A20C52}"
EndProject
Project("{FAE04EC0-301F-11D3-BF4B-00C04F79EFBC}") = "EplanEdzIndex", "tools\EplanEdzIndex\EplanEdzIndex.csproj", "{978A5437-CBA9-4F02-86C5-38ED04504818}"
EndProject
Project("{FAE04EC0-301F-11D3-BF4B-00C04F79EFBC}") = "EplanEdzManager.Infrastructure.Sqlite.Tests", "tests\EplanEdzManager.Infrastructure.Sqlite.Tests\EplanEdzManager.Infrastructure.Sqlite.Tests.csproj", "{5AFE3BC3-5485-472F-9D9D-22285A7B7F10}"
EndProject
Project("{FAE04EC0-301F-11D3-BF4B-00C04F79EFBC}") = "EplanEdzManager.Application", "src\EplanEdzManager.Application\EplanEdzManager.Application.csproj", "{B9A58A0D-A725-4E9D-8573-A0B49C866572}"
EndProject
Project("{FAE04EC0-301F-11D3-BF4B-00C04F79EFBC}") = "EplanEdzManager.Desktop", "src\EplanEdzManager.Desktop\EplanEdzManager.Desktop.csproj", "{E1461429-D1B3-4AE9-A970-2DB6AD1A3BEF}"
EndProject
Project("{FAE04EC0-301F-11D3-BF4B-00C04F79EFBC}") = "EplanEdzManager.Application.Tests", "tests\EplanEdzManager.Application.Tests\EplanEdzManager.Application.Tests.csproj", "{72430773-00D8-46AE-8D92-60E922BD59FC}"
EndProject
Project("{FAE04EC0-301F-11D3-BF4B-00C04F79EFBC}") = "EplanEdzManager.EplanBridge.Protocol", "src\EplanEdzManager.EplanBridge.Protocol\EplanEdzManager.EplanBridge.Protocol.csproj", "{4182B0B4-AC43-4ACF-B609-F9093BB2EE48}"
EndProject
Project("{FAE04EC0-301F-11D3-BF4B-00C04F79EFBC}") = "EplanEdzManager.EplanBridge.Client", "src\EplanEdzManager.EplanBridge.Client\EplanEdzManager.EplanBridge.Client.csproj", "{ACE3A38C-EE64-4FEA-8A34-046385633C6E}"
EndProject
Project("{FAE04EC0-301F-11D3-BF4B-00C04F79EFBC}") = "EplanEdzManager.EplanBridge", "src\EplanEdzManager.EplanBridge\EplanEdzManager.EplanBridge.csproj", "{637DB854-E8AE-4596-8181-8EE1F715369D}"
EndProject
Project("{FAE04EC0-301F-11D3-BF4B-00C04F79EFBC}") = "EplanEdzManager.EplanBridge.Client.Tests", "tests\EplanEdzManager.EplanBridge.Client.Tests\EplanEdzManager.EplanBridge.Client.Tests.csproj", "{19A9662A-2CA9-4568-A15A-F125FBC07400}"
EndProject
Project("{FAE04EC0-301F-11D3-BF4B-00C04F79EFBC}") = "EplanEdzManager.EplanBridge.IntegrationTests", "tests\EplanEdzManager.EplanBridge.IntegrationTests\EplanEdzManager.EplanBridge.IntegrationTests.csproj", "{CED155F9-30C4-436B-A304-96993A95218B}"
EndProject
Project("{FAE04EC0-301F-11D3-BF4B-00C04F79EFBC}") = "EplanEdzManager.EplanApi.Filter.Tests", "tests\EplanEdzManager.EplanApi.Filter.Tests\EplanEdzManager.EplanApi.Filter.Tests.csproj", "{518975EC-7E09-4ED3-82ED-B42195E38D9B}"
EndProject
Project("{2150E333-8FDC-42A3-9474-1A3956D46DE8}") = "src", "src", "{827E0CD3-B72D-47B6-A68D-7590B98EB39B}"
EndProject
Project("{FAE04EC0-301F-11D3-BF4B-00C04F79EFBC}") = "EplanEdzManager.AddIn.Protocol", "src\EplanEdzManager.AddIn.Protocol\EplanEdzManager.AddIn.Protocol.csproj", "{0BAFE153-2403-44FD-84DB-1AA381BDAAAA}"
EndProject
Project("{FAE04EC0-301F-11D3-BF4B-00C04F79EFBC}") = "EplanEdzManager.EplanAddIn", "src\EplanEdzManager.EplanAddIn\EplanEdzManager.EplanAddIn.csproj", "{952A328F-D5A5-4A14-ACC4-9D8F570D2BDD}"
EndProject
Project("{FAE04EC0-301F-11D3-BF4B-00C04F79EFBC}") = "EplanEdzManager.EplanAddIn.Tests", "tests\EplanEdzManager.EplanAddIn.Tests\EplanEdzManager.EplanAddIn.Tests.csproj", "{66305D8F-B3E8-4BA0-B3E3-1A2D89468471}"
EndProject
Project("{FAE04EC0-301F-11D3-BF4B-00C04F79EFBC}") = "EplanEdzManager.AddIn.IntegrationTests", "tests\EplanEdzManager.AddIn.IntegrationTests\EplanEdzManager.AddIn.IntegrationTests.csproj", "{451D1360-58B4-483C-9372-FA7D68739791}"
EndProject
Global
	GlobalSection(SolutionConfigurationPlatforms) = preSolution
		Debug|Any CPU = Debug|Any CPU
		Debug|x64 = Debug|x64
		Debug|x86 = Debug|x86
		Release|Any CPU = Release|Any CPU
		Release|x64 = Release|x64
		Release|x86 = Release|x86
	EndGlobalSection
	GlobalSection(ProjectConfigurationPlatforms) = postSolution
		{54D19435-2BBD-4BB3-A4A1-37165EC40347}.Debug|Any CPU.ActiveCfg = Debug|Any CPU
		{54D19435-2BBD-4BB3-A4A1-37165EC40347}.Debug|Any CPU.Build.0 = Debug|Any CPU
		{54D19435-2BBD-4BB3-A4A1-37165EC40347}.Debug|x64.ActiveCfg = Debug|Any CPU
		{54D19435-2BBD-4BB3-A4A1-37165EC40347}.Debug|x64.Build.0 = Debug|Any CPU
		{54D19435-2BBD-4BB3-A4A1-37165EC40347}.Debug|x86.ActiveCfg = Debug|Any CPU
		{54D19435-2BBD-4BB3-A4A1-37165EC40347}.Debug|x86.Build.0 = Debug|Any CPU
		{54D19435-2BBD-4BB3-A4A1-37165EC40347}.Release|Any CPU.ActiveCfg = Release|Any CPU
		{54D19435-2BBD-4BB3-A4A1-37165EC40347}.Release|Any CPU.Build.0 = Release|Any CPU
		{54D19435-2BBD-4BB3-A4A1-37165EC40347}.Release|x64.ActiveCfg = Release|Any CPU
		{54D19435-2BBD-4BB3-A4A1-37165EC40347}.Release|x64.Build.0 = Release|Any CPU
		{54D19435-2BBD-4BB3-A4A1-37165EC40347}.Release|x86.ActiveCfg = Release|Any CPU
		{54D19435-2BBD-4BB3-A4A1-37165EC40347}.Release|x86.Build.0 = Release|Any CPU
		{BE552F17-44E4-43A0-9D13-31B93380DD14}.Debug|Any CPU.ActiveCfg = Debug|Any CPU
		{BE552F17-44E4-43A0-9D13-31B93380DD14}.Debug|Any CPU.Build.0 = Debug|Any CPU
		{BE552F17-44E4-43A0-9D13-31B93380DD14}.Debug|x64.ActiveCfg = Debug|Any CPU
		{BE552F17-44E4-43A0-9D13-31B93380DD14}.Debug|x64.Build.0 = Debug|Any CPU
		{BE552F17-44E4-43A0-9D13-31B93380DD14}.Debug|x86.ActiveCfg = Debug|Any CPU
		{BE552F17-44E4-43A0-9D13-31B93380DD14}.Debug|x86.Build.0 = Debug|Any CPU
		{BE552F17-44E4-43A0-9D13-31B93380DD14}.Release|Any CPU.ActiveCfg = Release|Any CPU
		{BE552F17-44E4-43A0-9D13-31B93380DD14}.Release|Any CPU.Build.0 = Release|Any CPU
		{BE552F17-44E4-43A0-9D13-31B93380DD14}.Release|x64.ActiveCfg = Release|Any CPU
		{BE552F17-44E4-43A0-9D13-31B93380DD14}.Release|x64.Build.0 = Release|Any CPU
		{BE552F17-44E4-43A0-9D13-31B93380DD14}.Release|x86.ActiveCfg = Release|Any CPU
		{BE552F17-44E4-43A0-9D13-31B93380DD14}.Release|x86.Build.0 = Release|Any CPU
		{993EBD97-D055-4694-A624-E63826536DC1}.Debug|Any CPU.ActiveCfg = Debug|Any CPU
		{993EBD97-D055-4694-A624-E63826536DC1}.Debug|Any CPU.Build.0 = Debug|Any CPU
		{993EBD97-D055-4694-A624-E63826536DC1}.Debug|x64.ActiveCfg = Debug|Any CPU
		{993EBD97-D055-4694-A624-E63826536DC1}.Debug|x64.Build.0 = Debug|Any CPU
		{993EBD97-D055-4694-A624-E63826536DC1}.Debug|x86.ActiveCfg = Debug|Any CPU
		{993EBD97-D055-4694-A624-E63826536DC1}.Debug|x86.Build.0 = Debug|Any CPU
		{993EBD97-D055-4694-A624-E63826536DC1}.Release|Any CPU.ActiveCfg = Release|Any CPU
		{993EBD97-D055-4694-A624-E63826536DC1}.Release|Any CPU.Build.0 = Release|Any CPU
		{993EBD97-D055-4694-A624-E63826536DC1}.Release|x64.ActiveCfg = Release|Any CPU
		{993EBD97-D055-4694-A624-E63826536DC1}.Release|x64.Build.0 = Release|Any CPU
		{993EBD97-D055-4694-A624-E63826536DC1}.Release|x86.ActiveCfg = Release|Any CPU
		{993EBD97-D055-4694-A624-E63826536DC1}.Release|x86.Build.0 = Release|Any CPU
		{884F2A74-754E-4BE3-8095-84F4FB420993}.Debug|Any CPU.ActiveCfg = Debug|Any CPU
		{884F2A74-754E-4BE3-8095-84F4FB420993}.Debug|Any CPU.Build.0 = Debug|Any CPU
		{884F2A74-754E-4BE3-8095-84F4FB420993}.Debug|x64.ActiveCfg = Debug|Any CPU
		{884F2A74-754E-4BE3-8095-84F4FB420993}.Debug|x64.Build.0 = Debug|Any CPU
		{884F2A74-754E-4BE3-8095-84F4FB420993}.Debug|x86.ActiveCfg = Debug|Any CPU
		{884F2A74-754E-4BE3-8095-84F4FB420993}.Debug|x86.Build.0 = Debug|Any CPU
		{884F2A74-754E-4BE3-8095-84F4FB420993}.Release|Any CPU.ActiveCfg = Release|Any CPU
		{884F2A74-754E-4BE3-8095-84F4FB420993}.Release|Any CPU.Build.0 = Release|Any CPU
		{884F2A74-754E-4BE3-8095-84F4FB420993}.Release|x64.ActiveCfg = Release|Any CPU
		{884F2A74-754E-4BE3-8095-84F4FB420993}.Release|x64.Build.0 = Release|Any CPU
		{884F2A74-754E-4BE3-8095-84F4FB420993}.Release|x86.ActiveCfg = Release|Any CPU
		{884F2A74-754E-4BE3-8095-84F4FB420993}.Release|x86.Build.0 = Release|Any CPU
		{8599EAC3-A6E3-4D3B-9FD7-797542B580C4}.Debug|Any CPU.ActiveCfg = Debug|Any CPU
		{8599EAC3-A6E3-4D3B-9FD7-797542B580C4}.Debug|Any CPU.Build.0 = Debug|Any CPU
		{8599EAC3-A6E3-4D3B-9FD7-797542B580C4}.Debug|x64.ActiveCfg = Debug|Any CPU
		{8599EAC3-A6E3-4D3B-9FD7-797542B580C4}.Debug|x64.Build.0 = Debug|Any CPU
		{8599EAC3-A6E3-4D3B-9FD7-797542B580C4}.Debug|x86.ActiveCfg = Debug|Any CPU
		{8599EAC3-A6E3-4D3B-9FD7-797542B580C4}.Debug|x86.Build.0 = Debug|Any CPU
		{8599EAC3-A6E3-4D3B-9FD7-797542B580C4}.Release|Any CPU.ActiveCfg = Release|Any CPU
		{8599EAC3-A6E3-4D3B-9FD7-797542B580C4}.Release|Any CPU.Build.0 = Release|Any CPU
		{8599EAC3-A6E3-4D3B-9FD7-797542B580C4}.Release|x64.ActiveCfg = Release|Any CPU
		{8599EAC3-A6E3-4D3B-9FD7-797542B580C4}.Release|x64.Build.0 = Release|Any CPU
		{8599EAC3-A6E3-4D3B-9FD7-797542B580C4}.Release|x86.ActiveCfg = Release|Any CPU
		{8599EAC3-A6E3-4D3B-9FD7-797542B580C4}.Release|x86.Build.0 = Release|Any CPU
		{3F660850-0CBD-47F6-A33D-73CE0540868F}.Debug|Any CPU.ActiveCfg = Debug|Any CPU
		{3F660850-0CBD-47F6-A33D-73CE0540868F}.Debug|Any CPU.Build.0 = Debug|Any CPU
		{3F660850-0CBD-47F6-A33D-73CE0540868F}.Debug|x64.ActiveCfg = Debug|Any CPU
		{3F660850-0CBD-47F6-A33D-73CE0540868F}.Debug|x64.Build.0 = Debug|Any CPU
		{3F660850-0CBD-47F6-A33D-73CE0540868F}.Debug|x86.ActiveCfg = Debug|Any CPU
		{3F660850-0CBD-47F6-A33D-73CE0540868F}.Debug|x86.Build.0 = Debug|Any CPU
		{3F660850-0CBD-47F6-A33D-73CE0540868F}.Release|Any CPU.ActiveCfg = Release|Any CPU
		{3F660850-0CBD-47F6-A33D-73CE0540868F}.Release|Any CPU.Build.0 = Release|Any CPU
		{3F660850-0CBD-47F6-A33D-73CE0540868F}.Release|x64.ActiveCfg = Release|Any CPU
		{3F660850-0CBD-47F6-A33D-73CE0540868F}.Release|x64.Build.0 = Release|Any CPU
		{3F660850-0CBD-47F6-A33D-73CE0540868F}.Release|x86.ActiveCfg = Release|Any CPU
		{3F660850-0CBD-47F6-A33D-73CE0540868F}.Release|x86.Build.0 = Release|Any CPU
		{CA6ADFB9-F99B-4413-A200-4D104B4422AA}.Debug|Any CPU.ActiveCfg = Debug|Any CPU
		{CA6ADFB9-F99B-4413-A200-4D104B4422AA}.Debug|Any CPU.Build.0 = Debug|Any CPU
		{CA6ADFB9-F99B-4413-A200-4D104B4422AA}.Debug|x64.ActiveCfg = Debug|Any CPU
		{CA6ADFB9-F99B-4413-A200-4D104B4422AA}.Debug|x64.Build.0 = Debug|Any CPU
		{CA6ADFB9-F99B-4413-A200-4D104B4422AA}.Debug|x86.ActiveCfg = Debug|Any CPU
		{CA6ADFB9-F99B-4413-A200-4D104B4422AA}.Debug|x86.Build.0 = Debug|Any CPU
		{CA6ADFB9-F99B-4413-A200-4D104B4422AA}.Release|Any CPU.ActiveCfg = Release|Any CPU
		{CA6ADFB9-F99B-4413-A200-4D104B4422AA}.Release|Any CPU.Build.0 = Release|Any CPU
		{CA6ADFB9-F99B-4413-A200-4D104B4422AA}.Release|x64.ActiveCfg = Release|Any CPU
		{CA6ADFB9-F99B-4413-A200-4D104B4422AA}.Release|x64.Build.0 = Release|Any CPU
		{CA6ADFB9-F99B-4413-A200-4D104B4422AA}.Release|x86.ActiveCfg = Release|Any CPU
		{CA6ADFB9-F99B-4413-A200-4D104B4422AA}.Release|x86.Build.0 = Release|Any CPU
		{C6257E96-F056-44E3-BB5A-EB3818A20C52}.Debug|Any CPU.ActiveCfg = Debug|Any CPU
		{C6257E96-F056-44E3-BB5A-EB3818A20C52}.Debug|Any CPU.Build.0 = Debug|Any CPU
		{C6257E96-F056-44E3-BB5A-EB3818A20C52}.Debug|x64.ActiveCfg = Debug|Any CPU
		{C6257E96-F056-44E3-BB5A-EB3818A20C52}.Debug|x64.Build.0 = Debug|Any CPU
		{C6257E96-F056-44E3-BB5A-EB3818A20C52}.Debug|x86.ActiveCfg = Debug|Any CPU
		{C6257E96-F056-44E3-BB5A-EB3818A20C52}.Debug|x86.Build.0 = Debug|Any CPU
		{C6257E96-F056-44E3-BB5A-EB3818A20C52}.Release|Any CPU.ActiveCfg = Release|Any CPU
		{C6257E96-F056-44E3-BB5A-EB3818A20C52}.Release|Any CPU.Build.0 = Release|Any CPU
		{C6257E96-F056-44E3-BB5A-EB3818A20C52}.Release|x64.ActiveCfg = Release|Any CPU
		{C6257E96-F056-44E3-BB5A-EB3818A20C52}.Release|x64.Build.0 = Release|Any CPU
		{C6257E96-F056-44E3-BB5A-EB3818A20C52}.Release|x86.ActiveCfg = Release|Any CPU
		{C6257E96-F056-44E3-BB5A-EB3818A20C52}.Release|x86.Build.0 = Release|Any CPU
		{978A5437-CBA9-4F02-86C5-38ED04504818}.Debug|Any CPU.ActiveCfg = Debug|Any CPU
		{978A5437-CBA9-4F02-86C5-38ED04504818}.Debug|Any CPU.Build.0 = Debug|Any CPU
		{978A5437-CBA9-4F02-86C5-38ED04504818}.Debug|x64.ActiveCfg = Debug|Any CPU
		{978A5437-CBA9-4F02-86C5-38ED04504818}.Debug|x64.Build.0 = Debug|Any CPU
		{978A5437-CBA9-4F02-86C5-38ED04504818}.Debug|x86.ActiveCfg = Debug|Any CPU
		{978A5437-CBA9-4F02-86C5-38ED04504818}.Debug|x86.Build.0 = Debug|Any CPU
		{978A5437-CBA9-4F02-86C5-38ED04504818}.Release|Any CPU.ActiveCfg = Release|Any CPU
		{978A5437-CBA9-4F02-86C5-38ED04504818}.Release|Any CPU.Build.0 = Release|Any CPU
		{978A5437-CBA9-4F02-86C5-38ED04504818}.Release|x64.ActiveCfg = Release|Any CPU
		{978A5437-CBA9-4F02-86C5-38ED04504818}.Release|x64.Build.0 = Release|Any CPU
		{978A5437-CBA9-4F02-86C5-38ED04504818}.Release|x86.ActiveCfg = Release|Any CPU
		{978A5437-CBA9-4F02-86C5-38ED04504818}.Release|x86.Build.0 = Release|Any CPU
		{5AFE3BC3-5485-472F-9D9D-22285A7B7F10}.Debug|Any CPU.ActiveCfg = Debug|Any CPU
		{5AFE3BC3-5485-472F-9D9D-22285A7B7F10}.Debug|Any CPU.Build.0 = Debug|Any CPU
		{5AFE3BC3-5485-472F-9D9D-22285A7B7F10}.Debug|x64.ActiveCfg = Debug|Any CPU
		{5AFE3BC3-5485-472F-9D9D-22285A7B7F10}.Debug|x64.Build.0 = Debug|Any CPU
		{5AFE3BC3-5485-472F-9D9D-22285A7B7F10}.Debug|x86.ActiveCfg = Debug|Any CPU
		{5AFE3BC3-5485-472F-9D9D-22285A7B7F10}.Debug|x86.Build.0 = Debug|Any CPU
		{5AFE3BC3-5485-472F-9D9D-22285A7B7F10}.Release|Any CPU.ActiveCfg = Release|Any CPU
		{5AFE3BC3-5485-472F-9D9D-22285A7B7F10}.Release|Any CPU.Build.0 = Release|Any CPU
		{5AFE3BC3-5485-472F-9D9D-22285A7B7F10}.Release|x64.ActiveCfg = Release|Any CPU
		{5AFE3BC3-5485-472F-9D9D-22285A7B7F10}.Release|x64.Build.0 = Release|Any CPU
		{5AFE3BC3-5485-472F-9D9D-22285A7B7F10}.Release|x86.ActiveCfg = Release|Any CPU
		{5AFE3BC3-5485-472F-9D9D-22285A7B7F10}.Release|x86.Build.0 = Release|Any CPU
		{B9A58A0D-A725-4E9D-8573-A0B49C866572}.Debug|Any CPU.ActiveCfg = Debug|Any CPU
		{B9A58A0D-A725-4E9D-8573-A0B49C866572}.Debug|Any CPU.Build.0 = Debug|Any CPU
		{B9A58A0D-A725-4E9D-8573-A0B49C866572}.Debug|x64.ActiveCfg = Debug|Any CPU
		{B9A58A0D-A725-4E9D-8573-A0B49C866572}.Debug|x64.Build.0 = Debug|Any CPU
		{B9A58A0D-A725-4E9D-8573-A0B49C866572}.Debug|x86.ActiveCfg = Debug|Any CPU
		{B9A58A0D-A725-4E9D-8573-A0B49C866572}.Debug|x86.Build.0 = Debug|Any CPU
		{B9A58A0D-A725-4E9D-8573-A0B49C866572}.Release|Any CPU.ActiveCfg = Release|Any CPU
		{B9A58A0D-A725-4E9D-8573-A0B49C866572}.Release|Any CPU.Build.0 = Release|Any CPU
		{B9A58A0D-A725-4E9D-8573-A0B49C866572}.Release|x64.ActiveCfg = Release|Any CPU
		{B9A58A0D-A725-4E9D-8573-A0B49C866572}.Release|x64.Build.0 = Release|Any CPU
		{B9A58A0D-A725-4E9D-8573-A0B49C866572}.Release|x86.ActiveCfg = Release|Any CPU
		{B9A58A0D-A725-4E9D-8573-A0B49C866572}.Release|x86.Build.0 = Release|Any CPU
		{E1461429-D1B3-4AE9-A970-2DB6AD1A3BEF}.Debug|Any CPU.ActiveCfg = Debug|Any CPU
		{E1461429-D1B3-4AE9-A970-2DB6AD1A3BEF}.Debug|Any CPU.Build.0 = Debug|Any CPU
		{E1461429-D1B3-4AE9-A970-2DB6AD1A3BEF}.Debug|x64.ActiveCfg = Debug|Any CPU
		{E1461429-D1B3-4AE9-A970-2DB6AD1A3BEF}.Debug|x64.Build.0 = Debug|Any CPU
		{E1461429-D1B3-4AE9-A970-2DB6AD1A3BEF}.Debug|x86.ActiveCfg = Debug|Any CPU
		{E1461429-D1B3-4AE9-A970-2DB6AD1A3BEF}.Debug|x86.Build.0 = Debug|Any CPU
		{E1461429-D1B3-4AE9-A970-2DB6AD1A3BEF}.Release|Any CPU.ActiveCfg = Release|Any CPU
		{E1461429-D1B3-4AE9-A970-2DB6AD1A3BEF}.Release|Any CPU.Build.0 = Release|Any CPU
		{E1461429-D1B3-4AE9-A970-2DB6AD1A3BEF}.Release|x64.ActiveCfg = Release|Any CPU
		{E1461429-D1B3-4AE9-A970-2DB6AD1A3BEF}.Release|x64.Build.0 = Release|Any CPU
		{E1461429-D1B3-4AE9-A970-2DB6AD1A3BEF}.Release|x86.ActiveCfg = Release|Any CPU
		{E1461429-D1B3-4AE9-A970-2DB6AD1A3BEF}.Release|x86.Build.0 = Release|Any CPU
		{72430773-00D8-46AE-8D92-60E922BD59FC}.Debug|Any CPU.ActiveCfg = Debug|Any CPU
		{72430773-00D8-46AE-8D92-60E922BD59FC}.Debug|Any CPU.Build.0 = Debug|Any CPU
		{72430773-00D8-46AE-8D92-60E922BD59FC}.Debug|x64.ActiveCfg = Debug|Any CPU
		{72430773-00D8-46AE-8D92-60E922BD59FC}.Debug|x64.Build.0 = Debug|Any CPU
		{72430773-00D8-46AE-8D92-60E922BD59FC}.Debug|x86.ActiveCfg = Debug|Any CPU
		{72430773-00D8-46AE-8D92-60E922BD59FC}.Debug|x86.Build.0 = Debug|Any CPU
		{72430773-00D8-46AE-8D92-60E922BD59FC}.Release|Any CPU.ActiveCfg = Release|Any CPU
		{72430773-00D8-46AE-8D92-60E922BD59FC}.Release|Any CPU.Build.0 = Release|Any CPU
		{72430773-00D8-46AE-8D92-60E922BD59FC}.Release|x64.ActiveCfg = Release|Any CPU
		{72430773-00D8-46AE-8D92-60E922BD59FC}.Release|x64.Build.0 = Release|Any CPU
		{72430773-00D8-46AE-8D92-60E922BD59FC}.Release|x86.ActiveCfg = Release|Any CPU
		{72430773-00D8-46AE-8D92-60E922BD59FC}.Release|x86.Build.0 = Release|Any CPU
		{4182B0B4-AC43-4ACF-B609-F9093BB2EE48}.Debug|Any CPU.ActiveCfg = Debug|Any CPU
		{4182B0B4-AC43-4ACF-B609-F9093BB2EE48}.Debug|Any CPU.Build.0 = Debug|Any CPU
		{4182B0B4-AC43-4ACF-B609-F9093BB2EE48}.Debug|x64.ActiveCfg = Debug|Any CPU
		{4182B0B4-AC43-4ACF-B609-F9093BB2EE48}.Debug|x64.Build.0 = Debug|Any CPU
		{4182B0B4-AC43-4ACF-B609-F9093BB2EE48}.Debug|x86.ActiveCfg = Debug|Any CPU
		{4182B0B4-AC43-4ACF-B609-F9093BB2EE48}.Debug|x86.Build.0 = Debug|Any CPU
		{4182B0B4-AC43-4ACF-B609-F9093BB2EE48}.Release|Any CPU.ActiveCfg = Release|Any CPU
		{4182B0B4-AC43-4ACF-B609-F9093BB2EE48}.Release|Any CPU.Build.0 = Release|Any CPU
		{4182B0B4-AC43-4ACF-B609-F9093BB2EE48}.Release|x64.ActiveCfg = Release|Any CPU
		{4182B0B4-AC43-4ACF-B609-F9093BB2EE48}.Release|x64.Build.0 = Release|Any CPU
		{4182B0B4-AC43-4ACF-B609-F9093BB2EE48}.Release|x86.ActiveCfg = Release|Any CPU
		{4182B0B4-AC43-4ACF-B609-F9093BB2EE48}.Release|x86.Build.0 = Release|Any CPU
		{ACE3A38C-EE64-4FEA-8A34-046385633C6E}.Debug|Any CPU.ActiveCfg = Debug|Any CPU
		{ACE3A38C-EE64-4FEA-8A34-046385633C6E}.Debug|Any CPU.Build.0 = Debug|Any CPU
		{ACE3A38C-EE64-4FEA-8A34-046385633C6E}.Debug|x64.ActiveCfg = Debug|Any CPU
		{ACE3A38C-EE64-4FEA-8A34-046385633C6E}.Debug|x64.Build.0 = Debug|Any CPU
		{ACE3A38C-EE64-4FEA-8A34-046385633C6E}.Debug|x86.ActiveCfg = Debug|Any CPU
		{ACE3A38C-EE64-4FEA-8A34-046385633C6E}.Debug|x86.Build.0 = Debug|Any CPU
		{ACE3A38C-EE64-4FEA-8A34-046385633C6E}.Release|Any CPU.ActiveCfg = Release|Any CPU
		{ACE3A38C-EE64-4FEA-8A34-046385633C6E}.Release|Any CPU.Build.0 = Release|Any CPU
		{ACE3A38C-EE64-4FEA-8A34-046385633C6E}.Release|x64.ActiveCfg = Release|Any CPU
		{ACE3A38C-EE64-4FEA-8A34-046385633C6E}.Release|x64.Build.0 = Release|Any CPU
		{ACE3A38C-EE64-4FEA-8A34-046385633C6E}.Release|x86.ActiveCfg = Release|Any CPU
		{ACE3A38C-EE64-4FEA-8A34-046385633C6E}.Release|x86.Build.0 = Release|Any CPU
		{637DB854-E8AE-4596-8181-8EE1F715369D}.Debug|Any CPU.ActiveCfg = Debug|Any CPU
		{637DB854-E8AE-4596-8181-8EE1F715369D}.Debug|Any CPU.Build.0 = Debug|Any CPU
		{637DB854-E8AE-4596-8181-8EE1F715369D}.Debug|x64.ActiveCfg = Debug|Any CPU
		{637DB854-E8AE-4596-8181-8EE1F715369D}.Debug|x64.Build.0 = Debug|Any CPU
		{637DB854-E8AE-4596-8181-8EE1F715369D}.Debug|x86.ActiveCfg = Debug|Any CPU
		{637DB854-E8AE-4596-8181-8EE1F715369D}.Debug|x86.Build.0 = Debug|Any CPU
		{637DB854-E8AE-4596-8181-8EE1F715369D}.Release|Any CPU.ActiveCfg = Release|Any CPU
		{637DB854-E8AE-4596-8181-8EE1F715369D}.Release|Any CPU.Build.0 = Release|Any CPU
		{637DB854-E8AE-4596-8181-8EE1F715369D}.Release|x64.ActiveCfg = Release|Any CPU
		{637DB854-E8AE-4596-8181-8EE1F715369D}.Release|x64.Build.0 = Release|Any CPU
		{637DB854-E8AE-4596-8181-8EE1F715369D}.Release|x86.ActiveCfg = Release|Any CPU
		{637DB854-E8AE-4596-8181-8EE1F715369D}.Release|x86.Build.0 = Release|Any CPU
		{19A9662A-2CA9-4568-A15A-F125FBC07400}.Debug|Any CPU.ActiveCfg = Debug|Any CPU
		{19A9662A-2CA9-4568-A15A-F125FBC07400}.Debug|Any CPU.Build.0 = Debug|Any CPU
		{19A9662A-2CA9-4568-A15A-F125FBC07400}.Debug|x64.ActiveCfg = Debug|Any CPU
		{19A9662A-2CA9-4568-A15A-F125FBC07400}.Debug|x64.Build.0 = Debug|Any CPU
		{19A9662A-2CA9-4568-A15A-F125FBC07400}.Debug|x86.ActiveCfg = Debug|Any CPU
		{19A9662A-2CA9-4568-A15A-F125FBC07400}.Debug|x86.Build.0 = Debug|Any CPU
		{19A9662A-2CA9-4568-A15A-F125FBC07400}.Release|Any CPU.ActiveCfg = Release|Any CPU
		{19A9662A-2CA9-4568-A15A-F125FBC07400}.Release|Any CPU.Build.0 = Release|Any CPU
		{19A9662A-2CA9-4568-A15A-F125FBC07400}.Release|x64.ActiveCfg = Release|Any CPU
		{19A9662A-2CA9-4568-A15A-F125FBC07400}.Release|x64.Build.0 = Release|Any CPU
		{19A9662A-2CA9-4568-A15A-F125FBC07400}.Release|x86.ActiveCfg = Release|Any CPU
		{19A9662A-2CA9-4568-A15A-F125FBC07400}.Release|x86.Build.0 = Release|Any CPU
		{CED155F9-30C4-436B-A304-96993A95218B}.Debug|Any CPU.ActiveCfg = Debug|Any CPU
		{CED155F9-30C4-436B-A304-96993A95218B}.Debug|Any CPU.Build.0 = Debug|Any CPU
		{CED155F9-30C4-436B-A304-96993A95218B}.Debug|x64.ActiveCfg = Debug|Any CPU
		{CED155F9-30C4-436B-A304-96993A95218B}.Debug|x64.Build.0 = Debug|Any CPU
		{CED155F9-30C4-436B-A304-96993A95218B}.Debug|x86.ActiveCfg = Debug|Any CPU
		{CED155F9-30C4-436B-A304-96993A95218B}.Debug|x86.Build.0 = Debug|Any CPU
		{CED155F9-30C4-436B-A304-96993A95218B}.Release|Any CPU.ActiveCfg = Release|Any CPU
		{CED155F9-30C4-436B-A304-96993A95218B}.Release|Any CPU.Build.0 = Release|Any CPU
		{CED155F9-30C4-436B-A304-96993A95218B}.Release|x64.ActiveCfg = Release|Any CPU
		{CED155F9-30C4-436B-A304-96993A95218B}.Release|x64.Build.0 = Release|Any CPU
		{CED155F9-30C4-436B-A304-96993A95218B}.Release|x86.ActiveCfg = Release|Any CPU
		{CED155F9-30C4-436B-A304-96993A95218B}.Release|x86.Build.0 = Release|Any CPU
		{518975EC-7E09-4ED3-82ED-B42195E38D9B}.Debug|Any CPU.ActiveCfg = Debug|Any CPU
		{518975EC-7E09-4ED3-82ED-B42195E38D9B}.Debug|Any CPU.Build.0 = Debug|Any CPU
		{518975EC-7E09-4ED3-82ED-B42195E38D9B}.Debug|x64.ActiveCfg = Debug|Any CPU
		{518975EC-7E09-4ED3-82ED-B42195E38D9B}.Debug|x64.Build.0 = Debug|Any CPU
		{518975EC-7E09-4ED3-82ED-B42195E38D9B}.Debug|x86.ActiveCfg = Debug|Any CPU
		{518975EC-7E09-4ED3-82ED-B42195E38D9B}.Debug|x86.Build.0 = Debug|Any CPU
		{518975EC-7E09-4ED3-82ED-B42195E38D9B}.Release|Any CPU.ActiveCfg = Release|Any CPU
		{518975EC-7E09-4ED3-82ED-B42195E38D9B}.Release|Any CPU.Build.0 = Release|Any CPU
		{518975EC-7E09-4ED3-82ED-B42195E38D9B}.Release|x64.ActiveCfg = Release|Any CPU
		{518975EC-7E09-4ED3-82ED-B42195E38D9B}.Release|x64.Build.0 = Release|Any CPU
		{518975EC-7E09-4ED3-82ED-B42195E38D9B}.Release|x86.ActiveCfg = Release|Any CPU
		{518975EC-7E09-4ED3-82ED-B42195E38D9B}.Release|x86.Build.0 = Release|Any CPU
		{0BAFE153-2403-44FD-84DB-1AA381BDAAAA}.Debug|Any CPU.ActiveCfg = Debug|Any CPU
		{0BAFE153-2403-44FD-84DB-1AA381BDAAAA}.Debug|Any CPU.Build.0 = Debug|Any CPU
		{0BAFE153-2403-44FD-84DB-1AA381BDAAAA}.Debug|x64.ActiveCfg = Debug|Any CPU
		{0BAFE153-2403-44FD-84DB-1AA381BDAAAA}.Debug|x64.Build.0 = Debug|Any CPU
		{0BAFE153-2403-44FD-84DB-1AA381BDAAAA}.Debug|x86.ActiveCfg = Debug|Any CPU
		{0BAFE153-2403-44FD-84DB-1AA381BDAAAA}.Debug|x86.Build.0 = Debug|Any CPU
		{0BAFE153-2403-44FD-84DB-1AA381BDAAAA}.Release|Any CPU.ActiveCfg = Release|Any CPU
		{0BAFE153-2403-44FD-84DB-1AA381BDAAAA}.Release|Any CPU.Build.0 = Release|Any CPU
		{0BAFE153-2403-44FD-84DB-1AA381BDAAAA}.Release|x64.ActiveCfg = Release|Any CPU
		{0BAFE153-2403-44FD-84DB-1AA381BDAAAA}.Release|x64.Build.0 = Release|Any CPU
		{0BAFE153-2403-44FD-84DB-1AA381BDAAAA}.Release|x86.ActiveCfg = Release|Any CPU
		{0BAFE153-2403-44FD-84DB-1AA381BDAAAA}.Release|x86.Build.0 = Release|Any CPU
		{952A328F-D5A5-4A14-ACC4-9D8F570D2BDD}.Debug|Any CPU.ActiveCfg = Debug|Any CPU
		{952A328F-D5A5-4A14-ACC4-9D8F570D2BDD}.Debug|Any CPU.Build.0 = Debug|Any CPU
		{952A328F-D5A5-4A14-ACC4-9D8F570D2BDD}.Debug|x64.ActiveCfg = Debug|Any CPU
		{952A328F-D5A5-4A14-ACC4-9D8F570D2BDD}.Debug|x64.Build.0 = Debug|Any CPU
		{952A328F-D5A5-4A14-ACC4-9D8F570D2BDD}.Debug|x86.ActiveCfg = Debug|Any CPU
		{952A328F-D5A5-4A14-ACC4-9D8F570D2BDD}.Debug|x86.Build.0 = Debug|Any CPU
		{952A328F-D5A5-4A14-ACC4-9D8F570D2BDD}.Release|Any CPU.ActiveCfg = Release|Any CPU
		{952A328F-D5A5-4A14-ACC4-9D8F570D2BDD}.Release|Any CPU.Build.0 = Release|Any CPU
		{952A328F-D5A5-4A14-ACC4-9D8F570D2BDD}.Release|x64.ActiveCfg = Release|Any CPU
		{952A328F-D5A5-4A14-ACC4-9D8F570D2BDD}.Release|x64.Build.0 = Release|Any CPU
		{952A328F-D5A5-4A14-ACC4-9D8F570D2BDD}.Release|x86.ActiveCfg = Release|Any CPU
		{952A328F-D5A5-4A14-ACC4-9D8F570D2BDD}.Release|x86.Build.0 = Release|Any CPU
		{66305D8F-B3E8-4BA0-B3E3-1A2D89468471}.Debug|Any CPU.ActiveCfg = Debug|Any CPU
		{66305D8F-B3E8-4BA0-B3E3-1A2D89468471}.Debug|Any CPU.Build.0 = Debug|Any CPU
		{66305D8F-B3E8-4BA0-B3E3-1A2D89468471}.Debug|x64.ActiveCfg = Debug|Any CPU
		{66305D8F-B3E8-4BA0-B3E3-1A2D89468471}.Debug|x64.Build.0 = Debug|Any CPU
		{66305D8F-B3E8-4BA0-B3E3-1A2D89468471}.Debug|x86.ActiveCfg = Debug|Any CPU
		{66305D8F-B3E8-4BA0-B3E3-1A2D89468471}.Debug|x86.Build.0 = Debug|Any CPU
		{66305D8F-B3E8-4BA0-B3E3-1A2D89468471}.Release|Any CPU.ActiveCfg = Release|Any CPU
		{66305D8F-B3E8-4BA0-B3E3-1A2D89468471}.Release|Any CPU.Build.0 = Release|Any CPU
		{66305D8F-B3E8-4BA0-B3E3-1A2D89468471}.Release|x64.ActiveCfg = Release|Any CPU
		{66305D8F-B3E8-4BA0-B3E3-1A2D89468471}.Release|x64.Build.0 = Release|Any CPU
		{66305D8F-B3E8-4BA0-B3E3-1A2D89468471}.Release|x86.ActiveCfg = Release|Any CPU
		{66305D8F-B3E8-4BA0-B3E3-1A2D89468471}.Release|x86.Build.0 = Release|Any CPU
		{451D1360-58B4-483C-9372-FA7D68739791}.Debug|Any CPU.ActiveCfg = Debug|Any CPU
		{451D1360-58B4-483C-9372-FA7D68739791}.Debug|Any CPU.Build.0 = Debug|Any CPU
		{451D1360-58B4-483C-9372-FA7D68739791}.Debug|x64.ActiveCfg = Debug|Any CPU
		{451D1360-58B4-483C-9372-FA7D68739791}.Debug|x64.Build.0 = Debug|Any CPU
		{451D1360-58B4-483C-9372-FA7D68739791}.Debug|x86.ActiveCfg = Debug|Any CPU
		{451D1360-58B4-483C-9372-FA7D68739791}.Debug|x86.Build.0 = Debug|Any CPU
		{451D1360-58B4-483C-9372-FA7D68739791}.Release|Any CPU.ActiveCfg = Release|Any CPU
		{451D1360-58B4-483C-9372-FA7D68739791}.Release|Any CPU.Build.0 = Release|Any CPU
		{451D1360-58B4-483C-9372-FA7D68739791}.Release|x64.ActiveCfg = Release|Any CPU
		{451D1360-58B4-483C-9372-FA7D68739791}.Release|x64.Build.0 = Release|Any CPU
		{451D1360-58B4-483C-9372-FA7D68739791}.Release|x86.ActiveCfg = Release|Any CPU
		{451D1360-58B4-483C-9372-FA7D68739791}.Release|x86.Build.0 = Release|Any CPU
	EndGlobalSection
	GlobalSection(SolutionProperties) = preSolution
		HideSolutionNode = FALSE
	EndGlobalSection
	GlobalSection(NestedProjects) = preSolution
		{0BAFE153-2403-44FD-84DB-1AA381BDAAAA} = {827E0CD3-B72D-47B6-A68D-7590B98EB39B}
		{952A328F-D5A5-4A14-ACC4-9D8F570D2BDD} = {827E0CD3-B72D-47B6-A68D-7590B98EB39B}
		{66305D8F-B3E8-4BA0-B3E3-1A2D89468471} = {827E0CD3-B72D-47B6-A68D-7590B98EB39B}
		{451D1360-58B4-483C-9372-FA7D68739791} = {827E0CD3-B72D-47B6-A68D-7590B98EB39B}
	EndGlobalSection
EndGlobal
